
Microsoft Visual Studio Solution File, Format Version 12.00
# Visual Studio Version 17
VisualStudioVersion = 17.3.32922.545
MinimumVisualStudioVersion = 10.0.40219.1
Project("{FAE04EC0-301F-11D3-BF4B-00C04F79EFBC}") = "Lab1_Polynomial2", "Lab1_Polynomial2\Lab1_Polynomial2.csproj", "{C9260C1F-66F7-4BB8-8C0E-EFAD0F8B013A}"
EndProject
Project("{FAE04EC0-301F-11D3-BF4B-00C04F79EFBC}") = "PolynomialUnitTests", "PolynomialUnitTests\PolynomialUnitTests.csproj", "{78781743-9142-490B-AF89-A637B721C17D}"
EndProject
Global
	GlobalSection(SolutionConfigurationPlatforms) = preSolution
		Debug|Any CPU = Debug|Any CPU
		Release|Any CPU = Release|Any CPU
	EndGlobalSection
	GlobalSection(ProjectConfigurationPlatforms) = postSolution
		{C9260C1F-66F7-4BB8-8C0E-EFAD0F8B013A}.Debug|Any CPU.ActiveCfg = Debug|Any CPU
		{C9260C1F-66F7-4BB8-8C0E-EFAD0F8B013A}.Debug|Any CPU.Build.0 = Debug|Any CPU
		{C9260C1F-66F7-4BB8-8C0E-EFAD0F8B013A}.Release|Any CPU.ActiveCfg = Release|Any CPU
		{C9260C1F-66F7-4BB8-8C0E-EFAD0F8B013A}.Release|Any CPU.Build.0 = Release|Any CPU
		{78781743-9142-490B-AF89-A637B721C17D}.Debug|Any CPU.ActiveCfg = Debug|Any CPU
		{78781743-9142-490B-AF89-A637B721C17D}.Debug|Any CPU.Build.0 = Debug|Any CPU
		{78781743-9142-490B-AF89-A637B721C17D}.Release|Any CPU.ActiveCfg = Release|Any CPU
		{78781743-9142-490B-AF89-A637B721C17D}.Release|Any CPU.Build.0 = Release|Any CPU
	EndGlobalSection
	GlobalSection(SolutionProperties) = preSolution
		HideSolutionNode = FALSE
	EndGlobalSection
	GlobalSection(ExtensibilityGlobals) = postSolution
		SolutionGuid = {32F02A04-CC51-4292-92E6-FE91B4BF0111}
	EndGlobalSection
EndGlobal
